// !$*UTF8*$!
{
	archiveVersion = 1;
	classes = {
	};
	objectVersion = 55;
	objects = {

/* Begin PBXBuildFile section */
		29D8418E0761292C35F1C73E /* Pods_CollectionPhoto.framework in Frameworks */ = {isa = PBXBuildFile; fileRef = 5D108579B996BCAC03D6F92E /* Pods_CollectionPhoto.framework */; };
		6E59E0522723184E00571D9F /* AppDelegate.swift in Sources */ = {isa = PBXBuildFile; fileRef = 6E59E0512723184E00571D9F /* AppDelegate.swift */; };
		6E59E0562723184E00571D9F /* FavouritesViewController.swift in Sources */ = {isa = PBXBuildFile; fileRef = 6E59E0552723184E00571D9F /* FavouritesViewController.swift */; };
		6E59E05B2723185000571D9F /* Assets.xcassets in Resources */ = {isa = PBXBuildFile; fileRef = 6E59E05A2723185000571D9F /* Assets.xcassets */; };
		6E59E05E2723185000571D9F /* LaunchScreen.storyboard in Resources */ = {isa = PBXBuildFile; fileRef = 6E59E05C2723185000571D9F /* LaunchScreen.storyboard */; };
		6E59E066272318A700571D9F /* MainTabBarViewController.swift in Sources */ = {isa = PBXBuildFile; fileRef = 6E59E065272318A700571D9F /* MainTabBarViewController.swift */; };
		6E59E06827231C6A00571D9F /* PhotoViewController.swift in Sources */ = {isa = PBXBuildFile; fileRef = 6E59E06727231C6A00571D9F /* PhotoViewController.swift */; };
		6E59E06C272324E700571D9F /* NetworkService.swift in Sources */ = {isa = PBXBuildFile; fileRef = 6E59E06B272324E700571D9F /* NetworkService.swift */; };
		6E72DAEC272A0DF70001BC6D /* CollectionPhoto.xcdatamodeld in Sources */ = {isa = PBXBuildFile; fileRef = 6E72DAEA272A0DF70001BC6D /* CollectionPhoto.xcdatamodeld */; };
		6E9D7550272A13FB00055245 /* CoredataService.swift.swift in Sources */ = {isa = PBXBuildFile; fileRef = 6E9D754F272A13FB00055245 /* CoredataService.swift.swift */; };
		6EDC2670272361050052E518 /* NetworkDataFetcher.swift in Sources */ = {isa = PBXBuildFile; fileRef = 6EDC266F272361050052E518 /* NetworkDataFetcher.swift */; };
		6EDC26722723614E0052E518 /* SearchResults.swift in Sources */ = {isa = PBXBuildFile; fileRef = 6EDC26712723614E0052E518 /* SearchResults.swift */; };
		6EDC267627236CB30052E518 /* PhotoCollectionViewCell.swift in Sources */ = {isa = PBXBuildFile; fileRef = 6EDC267527236CB30052E518 /* PhotoCollectionViewCell.swift */; };
		6EDC2678272460B60052E518 /* FavouritesCollectionViewCell.swift in Sources */ = {isa = PBXBuildFile; fileRef = 6EDC2677272460B60052E518 /* FavouritesCollectionViewCell.swift */; };
/* End PBXBuildFile section */

/* Begin PBXFileReference section */
		5D108579B996BCAC03D6F92E /* Pods_CollectionPhoto.framework */ = {isa = PBXFileReference; explicitFileType = wrapper.framework; includeInIndex = 0; path = Pods_CollectionPhoto.framework; sourceTree = BUILT_PRODUCTS_DIR; };
		6761C7B11341AB049E6A2E41 /* Pods-CollectionPhoto.release.xcconfig */ = {isa = PBXFileReference; includeInIndex = 1; lastKnownFileType = text.xcconfig; name = "Pods-CollectionPhoto.release.xcconfig"; path = "Target Support Files/Pods-CollectionPhoto/Pods-CollectionPhoto.release.xcconfig"; sourceTree = "<group>"; };
		6E59E04E2723184E00571D9F /* CollectionPhoto.app */ = {isa = PBXFileReference; explicitFileType = wrapper.application; includeInIndex = 0; path = CollectionPhoto.app; sourceTree = BUILT_PRODUCTS_DIR; };
		6E59E0512723184E00571D9F /* AppDelegate.swift */ = {isa = PBXFileReference; lastKnownFileType = sourcecode.swift; path = AppDelegate.swift; sourceTree = "<group>"; };
		6E59E0552723184E00571D9F /* FavouritesViewController.swift */ = {isa = PBXFileReference; lastKnownFileType = sourcecode.swift; path = FavouritesViewController.swift; sourceTree = "<group>"; };
		6E59E05A2723185000571D9F /* Assets.xcassets */ = {isa = PBXFileReference; lastKnownFileType = folder.assetcatalog; path = Assets.xcassets; sourceTree = "<group>"; };
		6E59E05D2723185000571D9F /* Base */ = {isa = PBXFileReference; lastKnownFileType = file.storyboard; name = Base; path = Base.lproj/LaunchScreen.storyboard; sourceTree = "<group>"; };
		6E59E05F2723185000571D9F /* Info.plist */ = {isa = PBXFileReference; lastKnownFileType = text.plist.xml; path = Info.plist; sourceTree = "<group>"; };
		6E59E065272318A700571D9F /* MainTabBarViewController.swift */ = {isa = PBXFileReference; lastKnownFileType = sourcecode.swift; path = MainTabBarViewController.swift; sourceTree = "<group>"; };
		6E59E06727231C6A00571D9F /* PhotoViewController.swift */ = {isa = PBXFileReference; lastKnownFileType = sourcecode.swift; path = PhotoViewController.swift; sourceTree = "<group>"; };
		6E59E06B272324E700571D9F /* NetworkService.swift */ = {isa = PBXFileReference; lastKnownFileType = sourcecode.swift; path = NetworkService.swift; sourceTree = "<group>"; };
		6E72DAEB272A0DF70001BC6D /* CoreData.xcdatamodel */ = {isa = PBXFileReference; lastKnownFileType = wrapper.xcdatamodel; path = CoreData.xcdatamodel; sourceTree = "<group>"; };
		6E9D754F272A13FB00055245 /* CoredataService.swift.swift */ = {isa = PBXFileReference; lastKnownFileType = sourcecode.swift; path = CoredataService.swift.swift; sourceTree = "<group>"; };
		6EDC266F272361050052E518 /* NetworkDataFetcher.swift */ = {isa = PBXFileReference; lastKnownFileType = sourcecode.swift; path = NetworkDataFetcher.swift; sourceTree = "<group>"; };
		6EDC26712723614E0052E518 /* SearchResults.swift */ = {isa = PBXFileReference; lastKnownFileType = sourcecode.swift; path = SearchResults.swift; sourceTree = "<group>"; };
		6EDC267527236CB30052E518 /* PhotoCollectionViewCell.swift */ = {isa = PBXFileReference; lastKnownFileType = sourcecode.swift; path = PhotoCollectionViewCell.swift; sourceTree = "<group>"; };
		6EDC2677272460B60052E518 /* FavouritesCollectionViewCell.swift */ = {isa = PBXFileReference; lastKnownFileType = sourcecode.swift; path = FavouritesCollectionViewCell.swift; sourceTree = "<group>"; };
		76BB632CFCE9DF2ECBC6B750 /* Pods-CollectionPhoto.debug.xcconfig */ = {isa = PBXFileReference; includeInIndex = 1; lastKnownFileType = text.xcconfig; name = "Pods-CollectionPhoto.debug.xcconfig"; path = "Target Support Files/Pods-CollectionPhoto/Pods-CollectionPhoto.debug.xcconfig"; sourceTree = "<group>"; };
/* End PBXFileReference section */

/* Begin PBXFrameworksBuildPhase section */
		6E59E04B2723184E00571D9F /* Frameworks */ = {
			isa = PBXFrameworksBuildPhase;
			buildActionMask = 2147483647;
			files = (
				29D8418E0761292C35F1C73E /* Pods_CollectionPhoto.framework in Frameworks */,
			);
			runOnlyForDeploymentPostprocessing = 0;
		};
/* End PBXFrameworksBuildPhase section */

/* Begin PBXGroup section */
		2A79CC7F298F8411CFDC530A /* Pods */ = {
			isa = PBXGroup;
			children = (
				76BB632CFCE9DF2ECBC6B750 /* Pods-CollectionPhoto.debug.xcconfig */,
				6761C7B11341AB049E6A2E41 /* Pods-CollectionPhoto.release.xcconfig */,
			);
			path = Pods;
			sourceTree = "<group>";
		};
		31B26F1CDF36A6FACCB2DDD9 /* Frameworks */ = {
			isa = PBXGroup;
			children = (
				5D108579B996BCAC03D6F92E /* Pods_CollectionPhoto.framework */,
			);
			name = Frameworks;
			sourceTree = "<group>";
		};
		6E59E0452723184E00571D9F = {
			isa = PBXGroup;
			children = (
				6E59E0502723184E00571D9F /* CollectionPhoto */,
				6E59E04F2723184E00571D9F /* Products */,
				2A79CC7F298F8411CFDC530A /* Pods */,
				31B26F1CDF36A6FACCB2DDD9 /* Frameworks */,
			);
			sourceTree = "<group>";
		};
		6E59E04F2723184E00571D9F /* Products */ = {
			isa = PBXGroup;
			children = (
				6E59E04E2723184E00571D9F /* CollectionPhoto.app */,
			);
			name = Products;
			sourceTree = "<group>";
		};
		6E59E0502723184E00571D9F /* CollectionPhoto */ = {
			isa = PBXGroup;
			children = (
				6E9D754E272A13E400055245 /* Database */,
				6EDC2673272361590052E518 /* Model */,
				6E59E06A272324CF00571D9F /* Network */,
				6E59E069272324A300571D9F /* ViewControllers */,
				6E59E0512723184E00571D9F /* AppDelegate.swift */,
				6E59E05A2723185000571D9F /* Assets.xcassets */,
				6E59E05C2723185000571D9F /* LaunchScreen.storyboard */,
				6E59E05F2723185000571D9F /* Info.plist */,
				6E72DAEA272A0DF70001BC6D /* CollectionPhoto.xcdatamodeld */,
			);
			path = CollectionPhoto;
			sourceTree = "<group>";
		};
		6E59E069272324A300571D9F /* ViewControllers */ = {
			isa = PBXGroup;
			children = (
				6EDC267427236CA00052E518 /* Cell */,
				6E59E065272318A700571D9F /* MainTabBarViewController.swift */,
				6E59E06727231C6A00571D9F /* PhotoViewController.swift */,
				6E59E0552723184E00571D9F /* FavouritesViewController.swift */,
			);
			path = ViewControllers;
			sourceTree = "<group>";
		};
		6E59E06A272324CF00571D9F /* Network */ = {
			isa = PBXGroup;
			children = (
				6E59E06B272324E700571D9F /* NetworkService.swift */,
				6EDC266F272361050052E518 /* NetworkDataFetcher.swift */,
			);
			path = Network;
			sourceTree = "<group>";
		};
		6E9D754E272A13E400055245 /* Database */ = {
			isa = PBXGroup;
			children = (
				6E9D754F272A13FB00055245 /* CoredataService.swift.swift */,
			);
			path = Database;
			sourceTree = "<group>";
		};
		6EDC2673272361590052E518 /* Model */ = {
			isa = PBXGroup;
			children = (
				6EDC26712723614E0052E518 /* SearchResults.swift */,
			);
			path = Model;
			sourceTree = "<group>";
		};
		6EDC267427236CA00052E518 /* Cell */ = {
			isa = PBXGroup;
			children = (
				6EDC267527236CB30052E518 /* PhotoCollectionViewCell.swift */,
				6EDC2677272460B60052E518 /* FavouritesCollectionViewCell.swift */,
			);
			path = Cell;
			sourceTree = "<group>";
		};
/* End PBXGroup section */

/* Begin PBXNativeTarget section */
		6E59E04D2723184E00571D9F /* CollectionPhoto */ = {
			isa = PBXNativeTarget;
			buildConfigurationList = 6E59E0622723185000571D9F /* Build configuration list for PBXNativeTarget "CollectionPhoto" */;
			buildPhases = (
				F174DEBE87CF23E8E646616C /* [CP] Check Pods Manifest.lock */,
				6E59E04A2723184E00571D9F /* Sources */,
				6E59E04B2723184E00571D9F /* Frameworks */,
				6E59E04C2723184E00571D9F /* Resources */,
				CA04EDBDD7F0456364F85A94 /* [CP] Embed Pods Frameworks */,
			);
			buildRules = (
			);
			dependencies = (
			);
			name = CollectionPhoto;
			productName = CollectionPhoto;
			productReference = 6E59E04E2723184E00571D9F /* CollectionPhoto.app */;
			productType = "com.apple.product-type.application";
		};
/* End PBXNativeTarget section */

/* Begin PBXProject section */
		6E59E0462723184E00571D9F /* Project object */ = {
			isa = PBXProject;
			attributes = {
				BuildIndependentTargetsInParallel = 1;
				LastSwiftUpdateCheck = 1300;
				LastUpgradeCheck = 1300;
				TargetAttributes = {
					6E59E04D2723184E00571D9F = {
						CreatedOnToolsVersion = 13.0;
					};
				};
			};
			buildConfigurationList = 6E59E0492723184E00571D9F /* Build configuration list for PBXProject "CollectionPhoto" */;
			compatibilityVersion = "Xcode 13.0";
			developmentRegion = en;
			hasScannedForEncodings = 0;
			knownRegions = (
				en,
				Base,
			);
			mainGroup = 6E59E0452723184E00571D9F;
			productRefGroup = 6E59E04F2723184E00571D9F /* Products */;
			projectDirPath = "";
			projectRoot = "";
			targets = (
				6E59E04D2723184E00571D9F /* CollectionPhoto */,
			);
		};
/* End PBXProject section */

/* Begin PBXResourcesBuildPhase section */
		6E59E04C2723184E00571D9F /* Resources */ = {
			isa = PBXResourcesBuildPhase;
			buildActionMask = 2147483647;
			files = (
				6E59E05E2723185000571D9F /* LaunchScreen.storyboard in Resources */,
				6E59E05B2723185000571D9F /* Assets.xcassets in Resources */,
			);
			runOnlyForDeploymentPostprocessing = 0;
		};
/* End PBXResourcesBuildPhase section */

/* Begin PBXShellScriptBuildPhase section */
		CA04EDBDD7F0456364F85A94 /* [CP] Embed Pods Frameworks */ = {
			isa = PBXShellScriptBuildPhase;
			buildActionMask = 2147483647;
			files = (
			);
			inputFileListPaths = (
				"${PODS_ROOT}/Target Support Files/Pods-CollectionPhoto/Pods-CollectionPhoto-frameworks-${CONFIGURATION}-input-files.xcfilelist",
			);
			name = "[CP] Embed Pods Frameworks";
			outputFileListPaths = (
				"${PODS_ROOT}/Target Support Files/Pods-CollectionPhoto/Pods-CollectionPhoto-frameworks-${CONFIGURATION}-output-files.xcfilelist",
			);
			runOnlyForDeploymentPostprocessing = 0;
			shellPath = /bin/sh;
			shellScript = "\"${PODS_ROOT}/Target Support Files/Pods-CollectionPhoto/Pods-CollectionPhoto-frameworks.sh\"\n";
			showEnvVarsInLog = 0;
		};
		F174DEBE87CF23E8E646616C /* [CP] Check Pods Manifest.lock */ = {
			isa = PBXShellScriptBuildPhase;
			buildActionMask = 2147483647;
			files = (
			);
			inputFileListPaths = (
			);
			inputPaths = (
				"${PODS_PODFILE_DIR_PATH}/Podfile.lock",
				"${PODS_ROOT}/Manifest.lock",
			);
			name = "[CP] Check Pods Manifest.lock";
			outputFileListPaths = (
			);
			outputPaths = (
				"$(DERIVED_FILE_DIR)/Pods-CollectionPhoto-checkManifestLockResult.txt",
			);
			runOnlyForDeploymentPostprocessing = 0;
			shellPath = /bin/sh;
			shellScript = "diff \"${PODS_PODFILE_DIR_PATH}/Podfile.lock\" \"${PODS_ROOT}/Manifest.lock\" > /dev/null\nif [ $? != 0 ] ; then\n    # print error to STDERR\n    echo \"error: The sandbox is not in sync with the Podfile.lock. Run 'pod install' or update your CocoaPods installation.\" >&2\n    exit 1\nfi\n# This output is used by Xcode 'outputs' to avoid re-running this script phase.\necho \"SUCCESS\" > \"${SCRIPT_OUTPUT_FILE_0}\"\n";
			showEnvVarsInLog = 0;
		};
/* End PBXShellScriptBuildPhase section */

/* Begin PBXSourcesBuildPhase section */
		6E59E04A2723184E00571D9F /* Sources */ = {
			isa = PBXSourcesBuildPhase;
			buildActionMask = 2147483647;
			files = (
				6EDC267627236CB30052E518 /* PhotoCollectionViewCell.swift in Sources */,
				6E59E06C272324E700571D9F /* NetworkService.swift in Sources */,
				6E72DAEC272A0DF70001BC6D /* CollectionPhoto.xcdatamodeld in Sources */,
				6EDC2670272361050052E518 /* NetworkDataFetcher.swift in Sources */,
				6E59E06827231C6A00571D9F /* PhotoViewController.swift in Sources */,
				6EDC2678272460B60052E518 /* FavouritesCollectionViewCell.swift in Sources */,
				6E59E0562723184E00571D9F /* FavouritesViewController.swift in Sources */,
				6EDC26722723614E0052E518 /* SearchResults.swift in Sources */,
				6E59E066272318A700571D9F /* MainTabBarViewController.swift in Sources */,
				6E9D7550272A13FB00055245 /* CoredataService.swift.swift in Sources */,
				6E59E0522723184E00571D9F /* AppDelegate.swift in Sources */,
			);
			runOnlyForDeploymentPostprocessing = 0;
		};
/* End PBXSourcesBuildPhase section */

/* Begin PBXVariantGroup section */
		6E59E05C2723185000571D9F /* LaunchScreen.storyboard */ = {
			isa = PBXVariantGroup;
			children = (
				6E59E05D2723185000571D9F /* Base */,
			);
			name = LaunchScreen.storyboard;
			sourceTree = "<group>";
		};
/* End PBXVariantGroup section */

/* Begin XCBuildConfiguration section */
		6E59E0602723185000571D9F /* Debug */ = {
			isa = XCBuildConfiguration;
			buildSettings = {
				ALWAYS_SEARCH_USER_PATHS = NO;
				CLANG_ANALYZER_NONNULL = YES;
				CLANG_ANALYZER_NUMBER_OBJECT_CONVERSION = YES_AGGRESSIVE;
				CLANG_CXX_LANGUAGE_STANDARD = "gnu++17";
				CLANG_CXX_LIBRARY = "libc++";
				CLANG_ENABLE_MODULES = YES;
				CLANG_ENABLE_OBJC_ARC = YES;
				CLANG_ENABLE_OBJC_WEAK = YES;
				CLANG_WARN_BLOCK_CAPTURE_AUTORELEASING = YES;
				CLANG_WARN_BOOL_CONVERSION = YES;
				CLANG_WARN_COMMA = YES;
				CLANG_WARN_CONSTANT_CONVERSION = YES;
				CLANG_WARN_DEPRECATED_OBJC_IMPLEMENTATIONS = YES;
				CLANG_WARN_DIRECT_OBJC_ISA_USAGE = YES_ERROR;
				CLANG_WARN_DOCUMENTATION_COMMENTS = YES;
				CLANG_WARN_EMPTY_BODY = YES;
				CLANG_WARN_ENUM_CONVERSION = YES;
				CLANG_WARN_INFINITE_RECURSION = YES;
				CLANG_WARN_INT_CONVERSION = YES;
				CLANG_WARN_NON_LITERAL_NULL_CONVERSION = YES;
				CLANG_WARN_OBJC_IMPLICIT_RETAIN_SELF = YES;
				CLANG_WARN_OBJC_LITERAL_CONVERSION = YES;
				CLANG_WARN_OBJC_ROOT_CLASS = YES_ERROR;
				CLANG_WARN_QUOTED_INCLUDE_IN_FRAMEWORK_HEADER = YES;
				CLANG_WARN_RANGE_LOOP_ANALYSIS = YES;
				CLANG_WARN_STRICT_PROTOTYPES = YES;
				CLANG_WARN_SUSPICIOUS_MOVE = YES;
				CLANG_WARN_UNGUARDED_AVAILABILITY = YES_AGGRESSIVE;
				CLANG_WARN_UNREACHABLE_CODE = YES;
				CLANG_WARN__DUPLICATE_METHOD_MATCH = YES;
				COPY_PHASE_STRIP = NO;
				DEBUG_INFORMATION_FORMAT = dwarf;
				ENABLE_STRICT_OBJC_MSGSEND = YES;
				ENABLE_TESTABILITY = YES;
				GCC_C_LANGUAGE_STANDARD = gnu11;
				GCC_DYNAMIC_NO_PIC = NO;
				GCC_NO_COMMON_BLOCKS = YES;
				GCC_OPTIMIZATION_LEVEL = 0;
				GCC_PREPROCESSOR_DEFINITIONS = (
					"DEBUG=1",
					"$(inherited)",
				);
				GCC_WARN_64_TO_32_BIT_CONVERSION = YES;
				GCC_WARN_ABOUT_RETURN_TYPE = YES_ERROR;
				GCC_WARN_UNDECLARED_SELECTOR = YES;
				GCC_WARN_UNINITIALIZED_AUTOS = YES_AGGRESSIVE;
				GCC_WARN_UNUSED_FUNCTION = YES;
				GCC_WARN_UNUSED_VARIABLE = YES;
				IPHONEOS_DEPLOYMENT_TARGET = 15.0;
				MTL_ENABLE_DEBUG_INFO = INCLUDE_SOURCE;
				MTL_FAST_MATH = YES;
				ONLY_ACTIVE_ARCH = YES;
				SDKROOT = iphoneos;
				SWIFT_ACTIVE_COMPILATION_CONDITIONS = DEBUG;
				SWIFT_OPTIMIZATION_LEVEL = "-Onone";
			};
			name = Debug;
		};
		6E59E0612723185000571D9F /* Release */ = {
			isa = XCBuildConfiguration;
			buildSettings = {
				ALWAYS_SEARCH_USER_PATHS = NO;
				CLANG_ANALYZER_NONNULL = YES;
				CLANG_ANALYZER_NUMBER_OBJECT_CONVERSION = YES_AGGRESSIVE;
				CLANG_CXX_LANGUAGE_STANDARD = "gnu++17";
				CLANG_CXX_LIBRARY = "libc++";
				CLANG_ENABLE_MODULES = YES;
				CLANG_ENABLE_OBJC_ARC = YES;
				CLANG_ENABLE_OBJC_WEAK = YES;
				CLANG_WARN_BLOCK_CAPTURE_AUTORELEASING = YES;
				CLANG_WARN_BOOL_CONVERSION = YES;
				CLANG_WARN_COMMA = YES;
				CLANG_WARN_CONSTANT_CONVERSION = YES;
				CLANG_WARN_DEPRECATED_OBJC_IMPLEMENTATIONS = YES;
				CLANG_WARN_DIRECT_OBJC_ISA_USAGE = YES_ERROR;
				CLANG_WARN_DOCUMENTATION_COMMENTS = YES;
				CLANG_WARN_EMPTY_BODY = YES;
				CLANG_WARN_ENUM_CONVERSION = YES;
				CLANG_WARN_INFINITE_RECURSION = YES;
				CLANG_WARN_INT_CONVERSION = YES;
				CLANG_WARN_NON_LITERAL_NULL_CONVERSION = YES;
				CLANG_WARN_OBJC_IMPLICIT_RETAIN_SELF = YES;
				CLANG_WARN_OBJC_LITERAL_CONVERSION = YES;
				CLANG_WARN_OBJC_ROOT_CLASS = YES_ERROR;
				CLANG_WARN_QUOTED_INCLUDE_IN_FRAMEWORK_HEADER = YES;
				CLANG_WARN_RANGE_LOOP_ANALYSIS = YES;
				CLANG_WARN_STRICT_PROTOTYPES = YES;
				CLANG_WARN_SUSPICIOUS_MOVE = YES;
				CLANG_WARN_UNGUARDED_AVAILABILITY = YES_AGGRESSIVE;
				CLANG_WARN_UNREACHABLE_CODE = YES;
				CLANG_WARN__DUPLICATE_METHOD_MATCH = YES;
				COPY_PHASE_STRIP = NO;
				DEBUG_INFORMATION_FORMAT = "dwarf-with-dsym";
				ENABLE_NS_ASSERTIONS = NO;
				ENABLE_STRICT_OBJC_MSGSEND = YES;
				GCC_C_LANGUAGE_STANDARD = gnu11;
				GCC_NO_COMMON_BLOCKS = YES;
				GCC_WARN_64_TO_32_BIT_CONVERSION = YES;
				GCC_WARN_ABOUT_RETURN_TYPE = YES_ERROR;
				GCC_WARN_UNDECLARED_SELECTOR = YES;
				GCC_WARN_UNINITIALIZED_AUTOS = YES_AGGRESSIVE;
				GCC_WARN_UNUSED_FUNCTION = YES;
				GCC_WARN_UNUSED_VARIABLE = YES;
				IPHONEOS_DEPLOYMENT_TARGET = 15.0;
				MTL_ENABLE_DEBUG_INFO = NO;
				MTL_FAST_MATH = YES;
				SDKROOT = iphoneos;
				SWIFT_COMPILATION_MODE = wholemodule;
				SWIFT_OPTIMIZATION_LEVEL = "-O";
				VALIDATE_PRODUCT = YES;
			};
			name = Release;
		};
		6E59E0632723185000571D9F /* Debug */ = {
			isa = XCBuildConfiguration;
			baseConfigurationReference = 76BB632CFCE9DF2ECBC6B750 /* Pods-CollectionPhoto.debug.xcconfig */;
			buildSettings = {
				ASSETCATALOG_COMPILER_APPICON_NAME = AppIcon;
				ASSETCATALOG_COMPILER_GLOBAL_ACCENT_COLOR_NAME = AccentColor;
				CODE_SIGN_STYLE = Automatic;
				CURRENT_PROJECT_VERSION = 1;
				DEVELOPMENT_TEAM = 7BMH97S98D;
				GENERATE_INFOPLIST_FILE = YES;
				INFOPLIST_FILE = CollectionPhoto/Info.plist;
				INFOPLIST_KEY_UIApplicationSupportsIndirectInputEvents = YES;
				INFOPLIST_KEY_UILaunchStoryboardName = LaunchScreen;
				INFOPLIST_KEY_UISupportedInterfaceOrientations_iPad = "UIInterfaceOrientationPortrait UIInterfaceOrientationPortraitUpsideDown UIInterfaceOrientationLandscapeLeft UIInterfaceOrientationLandscapeRight";
				INFOPLIST_KEY_UISupportedInterfaceOrientations_iPhone = "UIInterfaceOrientationPortrait UIInterfaceOrientationLandscapeLeft UIInterfaceOrientationLandscapeRight";
				LD_RUNPATH_SEARCH_PATHS = (
					"$(inherited)",
					"@executable_path/Frameworks",
				);
				MARKETING_VERSION = 1.0;
				PRODUCT_BUNDLE_IDENTIFIER = app.CollectionPhoto;
				PRODUCT_NAME = "$(TARGET_NAME)";
				SWIFT_EMIT_LOC_STRINGS = YES;
				SWIFT_VERSION = 5.0;
				TARGETED_DEVICE_FAMILY = "1,2";
			};
			name = Debug;
		};
		6E59E0642723185000571D9F /* Release */ = {
			isa = XCBuildConfiguration;
			baseConfigurationReference = 6761C7B11341AB049E6A2E41 /* Pods-CollectionPhoto.release.xcconfig */;
			buildSettings = {
				ASSETCATALOG_COMPILER_APPICON_NAME = AppIcon;
				ASSETCATALOG_COMPILER_GLOBAL_ACCENT_COLOR_NAME = AccentColor;
				CODE_SIGN_STYLE = Automatic;
				CURRENT_PROJECT_VERSION = 1;
				DEVELOPMENT_TEAM = 7BMH97S98D;
				GENERATE_INFOPLIST_FILE = YES;
				INFOPLIST_FILE = CollectionPhoto/Info.plist;
				INFOPLIST_KEY_UIApplicationSupportsIndirectInputEvents = YES;
				INFOPLIST_KEY_UILaunchStoryboardName = LaunchScreen;
				INFOPLIST_KEY_UISupportedInterfaceOrientations_iPad = "UIInterfaceOrientationPortrait UIInterfaceOrientationPortraitUpsideDown UIInterfaceOrientationLandscapeLeft UIInterfaceOrientationLandscapeRight";
				INFOPLIST_KEY_UISupportedInterfaceOrientations_iPhone = "UIInterfaceOrientationPortrait UIInterfaceOrientationLandscapeLeft UIInterfaceOrientationLandscapeRight";
				LD_RUNPATH_SEARCH_PATHS = (
					"$(inherited)",
					"@executable_path/Frameworks",
				);
				MARKETING_VERSION = 1.0;
				PRODUCT_BUNDLE_IDENTIFIER = app.CollectionPhoto;
				PRODUCT_NAME = "$(TARGET_NAME)";
				SWIFT_EMIT_LOC_STRINGS = YES;
				SWIFT_VERSION = 5.0;
				TARGETED_DEVICE_FAMILY = "1,2";
			};
			name = Release;
		};
/* End XCBuildConfiguration section */

/* Begin XCConfigurationList section */
		6E59E0492723184E00571D9F /* Build configuration list for PBXProject "CollectionPhoto" */ = {
			isa = XCConfigurationList;
			buildConfigurations = (
				6E59E0602723185000571D9F /* Debug */,
				6E59E0612723185000571D9F /* Release */,
			);
			defaultConfigurationIsVisible = 0;
			defaultConfigurationName = Release;
		};
		6E59E0622723185000571D9F /* Build configuration list for PBXNativeTarget "CollectionPhoto" */ = {
			isa = XCConfigurationList;
			buildConfigurations = (
				6E59E0632723185000571D9F /* Debug */,
				6E59E0642723185000571D9F /* Release */,
			);
			defaultConfigurationIsVisible = 0;
			defaultConfigurationName = Release;
		};
/* End XCConfigurationList section */

/* Begin XCVersionGroup section */
		6E72DAEA272A0DF70001BC6D /* CollectionPhoto.xcdatamodeld */ = {
			isa = XCVersionGroup;
			children = (
				6E72DAEB272A0DF70001BC6D /* CoreData.xcdatamodel */,
			);
			currentVersion = 6E72DAEB272A0DF70001BC6D /* CoreData.xcdatamodel */;
			path = CollectionPhoto.xcdatamodeld;
			sourceTree = "<group>";
			versionGroupType = wrapper.xcdatamodel;
		};
/* End XCVersionGroup section */
	};
	rootObject = 6E59E0462723184E00571D9F /* Project object */;
}
